
Microsoft Visual Studio Solution File, Format Version 12.00
# Visual Studio Version 16
VisualStudioVersion = 16.0.29728.190
MinimumVisualStudioVersion = 10.0.40219.1
Project("{9A19103F-16F7-4668-BE54-9A1E7A4F7556}") = "CertsCreateChained", "CertsCreateChained\CertsCreateChained.csproj", "{7C282878-BCD8-4EC5-B920-2AC0B5FF0A2E}"
EndProject
Project("{9A19103F-16F7-4668-BE54-9A1E7A4F7556}") = "CertsCreateDeviceCertificate", "CertsCreateDeviceCertificate\CertsCreateDeviceCertificate.csproj", "{2D5399B9-4F46-42E2-A98D-8211601BD48E}"
EndProject
Project("{9A19103F-16F7-4668-BE54-9A1E7A4F7556}") = "CertsVerifyCertificate", "CertsVerifyCertificate\CertsVerifyCertificate.csproj", "{313CC306-90D0-454E-8BFB-2D92ADB3695D}"
EndProject
Project("{9A19103F-16F7-4668-BE54-9A1E7A4F7556}") = "DpsManagement", "DpsManagement\DpsManagement.csproj", "{88233E50-8AB3-4B43-B097-CBCA67B98DC7}"
EndProject
Project("{2150E333-8FDC-42A3-9474-1A3956D46DE8}") = "Solution Items", "Solution Items", "{56082E7C-C95C-4413-B949-888937C89121}"
	ProjectSection(SolutionItems) = preProject
		README.md = README.md
		Linux.md = Linux.md
	EndProjectSection
EndProject
Project("{FAE04EC0-301F-11D3-BF4B-00C04F79EFBC}") = "SBCertUtils", "SBCertUtils\SBCertUtils.csproj", "{CDBF66AD-4936-49C3-9D8F-9CBE748824AC}"
EndProject
Project("{FAE04EC0-301F-11D3-BF4B-00C04F79EFBC}") = "CertsCreateChainedRsa", "CertsCreateChainedRsa\CertsCreateChainedRsa.csproj", "{6AB8B0EC-E329-45CC-BB76-15556473D7C0}"
EndProject
Project("{FAE04EC0-301F-11D3-BF4B-00C04F79EFBC}") = "CertsCreateDeviceCertificateRsa", "CertsCreateDeviceCertificateRsa\CertsCreateDeviceCertificateRsa.csproj", "{2EB2DC66-567A-45FB-8D95-B45BF7AF4A5F}"
EndProject
Global
	GlobalSection(SolutionConfigurationPlatforms) = preSolution
		Debug|Any CPU = Debug|Any CPU
		Release|Any CPU = Release|Any CPU
	EndGlobalSection
	GlobalSection(ProjectConfigurationPlatforms) = postSolution
		{7C282878-BCD8-4EC5-B920-2AC0B5FF0A2E}.Debug|Any CPU.ActiveCfg = Debug|Any CPU
		{7C282878-BCD8-4EC5-B920-2AC0B5FF0A2E}.Debug|Any CPU.Build.0 = Debug|Any CPU
		{7C282878-BCD8-4EC5-B920-2AC0B5FF0A2E}.Release|Any CPU.ActiveCfg = Release|Any CPU
		{7C282878-BCD8-4EC5-B920-2AC0B5FF0A2E}.Release|Any CPU.Build.0 = Release|Any CPU
		{2D5399B9-4F46-42E2-A98D-8211601BD48E}.Debug|Any CPU.ActiveCfg = Debug|Any CPU
		{2D5399B9-4F46-42E2-A98D-8211601BD48E}.Debug|Any CPU.Build.0 = Debug|Any CPU
		{2D5399B9-4F46-42E2-A98D-8211601BD48E}.Release|Any CPU.ActiveCfg = Release|Any CPU
		{2D5399B9-4F46-42E2-A98D-8211601BD48E}.Release|Any CPU.Build.0 = Release|Any CPU
		{313CC306-90D0-454E-8BFB-2D92ADB3695D}.Debug|Any CPU.ActiveCfg = Debug|Any CPU
		{313CC306-90D0-454E-8BFB-2D92ADB3695D}.Debug|Any CPU.Build.0 = Debug|Any CPU
		{313CC306-90D0-454E-8BFB-2D92ADB3695D}.Release|Any CPU.ActiveCfg = Release|Any CPU
		{313CC306-90D0-454E-8BFB-2D92ADB3695D}.Release|Any CPU.Build.0 = Release|Any CPU
		{88233E50-8AB3-4B43-B097-CBCA67B98DC7}.Debug|Any CPU.ActiveCfg = Debug|Any CPU
		{88233E50-8AB3-4B43-B097-CBCA67B98DC7}.Debug|Any CPU.Build.0 = Debug|Any CPU
		{88233E50-8AB3-4B43-B097-CBCA67B98DC7}.Release|Any CPU.ActiveCfg = Release|Any CPU
		{88233E50-8AB3-4B43-B097-CBCA67B98DC7}.Release|Any CPU.Build.0 = Release|Any CPU
		{CDBF66AD-4936-49C3-9D8F-9CBE748824AC}.Debug|Any CPU.ActiveCfg = Debug|Any CPU
		{CDBF66AD-4936-49C3-9D8F-9CBE748824AC}.Debug|Any CPU.Build.0 = Debug|Any CPU
		{CDBF66AD-4936-49C3-9D8F-9CBE748824AC}.Release|Any CPU.ActiveCfg = Release|Any CPU
		{CDBF66AD-4936-49C3-9D8F-9CBE748824AC}.Release|Any CPU.Build.0 = Release|Any CPU
		{6AB8B0EC-E329-45CC-BB76-15556473D7C0}.Debug|Any CPU.ActiveCfg = Debug|Any CPU
		{6AB8B0EC-E329-45CC-BB76-15556473D7C0}.Debug|Any CPU.Build.0 = Debug|Any CPU
		{6AB8B0EC-E329-45CC-BB76-15556473D7C0}.Release|Any CPU.ActiveCfg = Release|Any CPU
		{6AB8B0EC-E329-45CC-BB76-15556473D7C0}.Release|Any CPU.Build.0 = Release|Any CPU
		{2EB2DC66-567A-45FB-8D95-B45BF7AF4A5F}.Debug|Any CPU.ActiveCfg = Debug|Any CPU
		{2EB2DC66-567A-45FB-8D95-B45BF7AF4A5F}.Debug|Any CPU.Build.0 = Debug|Any CPU
		{2EB2DC66-567A-45FB-8D95-B45BF7AF4A5F}.Release|Any CPU.ActiveCfg = Release|Any CPU
		{2EB2DC66-567A-45FB-8D95-B45BF7AF4A5F}.Release|Any CPU.Build.0 = Release|Any CPU
	EndGlobalSection
	GlobalSection(SolutionProperties) = preSolution
		HideSolutionNode = FALSE
	EndGlobalSection
	GlobalSection(ExtensibilityGlobals) = postSolution
		SolutionGuid = {E92EE199-6D04-44B2-8E12-6D7A9317AFE9}
	EndGlobalSection
	GlobalSection(NestedProjects) = preSolution
	EndGlobalSection
EndGlobal
